
Microsoft Visual Studio Solution File, Format Version 12.00
# Visual Studio 14
VisualStudioVersion = 14.0.25420.1
MinimumVisualStudioVersion = 10.0.40219.1
Project("{FAE04EC0-301F-11D3-BF4B-00C04F79EFBC}") = "TypeScriptKOTable", "TypeScriptKOTable\TypeScriptKOTable.csproj", "{CDB4A95A-9F54-4ED5-8D95-C3586E85E8FA}"
EndProject
Global
	GlobalSection(SolutionConfigurationPlatforms) = preSolution
		Debug|Any CPU = Debug|Any CPU
		Release|Any CPU = Release|Any CPU
	EndGlobalSection
	GlobalSection(ProjectConfigurationPlatforms) = postSolution
		{CDB4A95A-9F54-4ED5-8D95-C3586E85E8FA}.Debug|Any CPU.ActiveCfg = Debug|Any CPU
		{CDB4A95A-9F54-4ED5-8D95-C3586E85E8FA}.Debug|Any CPU.Build.0 = Debug|Any CPU
		{CDB4A95A-9F54-4ED5-8D95-C3586E85E8FA}.Release|Any CPU.ActiveCfg = Release|Any CPU
		{CDB4A95A-9F54-4ED5-8D95-C3586E85E8FA}.Release|Any CPU.Build.0 = Release|Any CPU
	EndGlobalSection
	GlobalSection(SolutionProperties) = preSolution
		HideSolutionNode = FALSE
	EndGlobalSection
EndGlobal
